# THIS IS AN AUTOGENERATED FILE. DO NOT EDIT THIS FILE DIRECTLY.
# yarn lockfile v1


"@theurgi/prettier-config@^3.0.0":
  version "3.0.0"
  resolved "https://registry.yarnpkg.com/@theurgi/prettier-config/-/prettier-config-3.0.0.tgz#641af5f918d9e18dcab0418970d8f40fed2559b1"
  integrity sha512-vYUGf3UwUWYI3pWm+wEF6KhxoEPRG0z4i6jmG+dGew3hbpY9bMRbjrj+NQgPMsSoa2hkQQteeaX+JzU4DPMu9Q==

classnames@^2.2.5:
  version "2.3.1"
  resolved "https://registry.yarnpkg.com/classnames/-/classnames-2.3.1.tgz#dfcfa3891e306ec1dad105d0e88f4417b8535e8e"
  integrity sha512-OlQdbZ7gLfGarSqxesMesDa5uz7KFbID8Kpq/SxIoNGDqY8lSYs0D+hhtBXhcdB3rcbXArFr7vlHheLk1voeNA==

core-js@^3.1.3:
  version "3.11.3"
  resolved "https://registry.yarnpkg.com/core-js/-/core-js-3.11.3.tgz#2835b1f4d10f6d0400bf820cfe6fe64ad067dd3f"
  integrity sha512-DFEW9BllWw781Op5KdYGtXfj3s9Cmykzt16bY6elaVuqXHCUwF/5pv0H3IJ7/I3BGjK7OeU+GrjD1ChCkBJPuA==

feather-icons@^4.28.0:
  version "4.28.0"
  resolved "https://registry.yarnpkg.com/feather-icons/-/feather-icons-4.28.0.tgz#e1892a401fe12c4559291770ff6e68b0168e760f"
  integrity sha512-gRdqKESXRBUZn6Nl0VBq2wPHKRJgZz7yblrrc2lYsS6odkNFDnA4bqvrlEVRUPjE1tFax+0TdbJKZ31ziJuzjg==
  dependencies:
    classnames "^2.2.5"
    core-js "^3.1.3"

pascalcase@^1.0.0:
  version "1.0.0"
  resolved "https://registry.yarnpkg.com/pascalcase/-/pascalcase-1.0.0.tgz#d2fd7d73f2969606d2b56e17f5261be41c43c381"
  integrity sha512-BSExi0rRnCHReJys6NocaK+cfTXNinAegfWBvr0JD3hiaEG7Nuc7r0CIdOJunXrs8gU/sbHQ9dxVAtiVQisjmg==

prettier-plugin-svelte@^2.2.0:
  version "2.2.0"
  resolved "https://registry.yarnpkg.com/prettier-plugin-svelte/-/prettier-plugin-svelte-2.2.0.tgz#4bd94992fa5b76413a8a5556f90b128c4fdaf7a6"
  integrity sha512-Xdmqgr71tAuMqqzNCK52/v94g/Yv7V7lz+nmbO9NEA+9ol15VV3uUHOfydMNOo3SWvFaVlBcp947ebEaMWqVfQ==

prettier@^2.2.1:
  version "2.2.1"
  resolved "https://registry.yarnpkg.com/prettier/-/prettier-2.2.1.tgz#795a1a78dd52f073da0cd42b21f9c91381923ff5"
  integrity sha512-PqyhM2yCjg/oKkFPtTGUojv7gnZAoG80ttl45O6x2Ug/rMJw4wcc9k6aaf2hibP7BGVCCM33gZoGjyvt9mm16Q==

svelte@^3.37.0:
  version "3.38.2"
  resolved "https://registry.yarnpkg.com/svelte/-/svelte-3.38.2.tgz#55e5c681f793ae349b5cc2fe58e5782af4275ef5"
  integrity sha512-q5Dq0/QHh4BLJyEVWGe7Cej5NWs040LWjMbicBGZ+3qpFWJ1YObRmUDZKbbovddLC9WW7THTj3kYbTOFmU9fbg==
